PODS:
  - Alamofire (5.0.0-beta.3)
  - IQKeyboardManagerSwift (6.4.1)
  - SVProgressHUD (2.2.5)

DEPENDENCIES:
  - Alamofire (= 5.0.0-beta.3)
  - IQKeyboardManagerSwift (= 6.4.1)
  - SVProgressHUD (= 2.2.5)

SPEC REPOS:
  https://github.com/cocoapods/specs.git:
    - Alamofire
    - IQKeyboardManagerSwift
    - SVProgressHUD

SPEC CHECKSUMS:
  Alamofire: 50d6fa7e8cbe7f84559e86ab641ffd029db655f8
  IQKeyboardManagerSwift: d2df660d0b8d64a15cb2537c9ff303213fa515b2
  SVProgressHUD: 1428aafac632c1f86f62aa4243ec12008d7a51d6

PODFILE CHECKSUM: eaed2f2ae0dde595276613f7810a2527fd9fada9

COCOAPODS: 1.7.5
