PODS:
  - Alamofire (5.0.0-beta.3)
  - SVProgressHUD (2.2.5)

DEPENDENCIES:
  - Alamofire (= 5.0.0-beta.3)
  - SVProgressHUD (= 2.2.5)

SPEC REPOS:
  https://github.com/cocoapods/specs.git:
    - Alamofire
    - SVProgressHUD

SPEC CHECKSUMS:
  Alamofire: 50d6fa7e8cbe7f84559e86ab641ffd029db655f8
  SVProgressHUD: 1428aafac632c1f86f62aa4243ec12008d7a51d6

PODFILE CHECKSUM: 4312a87492411e176226862f8e4b0c2ff2fb472b

COCOAPODS: 1.7.5
